// !$*UTF8*$!
{
	archiveVersion = 1;
	classes = {
	};
	objectVersion = 46;
	objects = {

/* Begin PBXBuildFile section */
		AF0425011D66B2B200F2B3E4 /* DTMFHelper.swift in Sources */ = {isa = PBXBuildFile; fileRef = AF0425001D66B2B200F2B3E4 /* DTMFHelper.swift */; };
		AF6E23171D61D08F008B5F1B /* BHKeypad.h in Headers */ = {isa = PBXBuildFile; fileRef = AF6E23161D61D08F008B5F1B /* BHKeypad.h */; settings = {ATTRIBUTES = (Public, ); }; };
		AF6E23271D61D212008B5F1B /* Assets.xcassets in Resources */ = {isa = PBXBuildFile; fileRef = AF6E23261D61D212008B5F1B /* Assets.xcassets */; };
		AFA8EC111D61D3EB00ADCE55 /* AppDelegate.swift in Sources */ = {isa = PBXBuildFile; fileRef = AFA8EC101D61D3EB00ADCE55 /* AppDelegate.swift */; };
		AFA8EC131D61D3EB00ADCE55 /* ViewController.swift in Sources */ = {isa = PBXBuildFile; fileRef = AFA8EC121D61D3EB00ADCE55 /* ViewController.swift */; };
		AFA8EC161D61D3EB00ADCE55 /* Main.storyboard in Resources */ = {isa = PBXBuildFile; fileRef = AFA8EC141D61D3EB00ADCE55 /* Main.storyboard */; };
		AFA8EC181D61D3EB00ADCE55 /* Assets.xcassets in Resources */ = {isa = PBXBuildFile; fileRef = AFA8EC171D61D3EB00ADCE55 /* Assets.xcassets */; };
		AFA8EC1B1D61D3EB00ADCE55 /* LaunchScreen.storyboard in Resources */ = {isa = PBXBuildFile; fileRef = AFA8EC191D61D3EB00ADCE55 /* LaunchScreen.storyboard */; };
		AFA8EC281D61D67C00ADCE55 /* BHKeypad.framework in Frameworks */ = {isa = PBXBuildFile; fileRef = AF6E23131D61D08F008B5F1B /* BHKeypad.framework */; };
		AFA8EC291D61D67C00ADCE55 /* BHKeypad.framework in Embed Frameworks */ = {isa = PBXBuildFile; fileRef = AF6E23131D61D08F008B5F1B /* BHKeypad.framework */; settings = {ATTRIBUTES = (CodeSignOnCopy, RemoveHeadersOnCopy, ); }; };
		AFA8EC2F1D62032200ADCE55 /* BHKeypad.h in Sources */ = {isa = PBXBuildFile; fileRef = AF6E23161D61D08F008B5F1B /* BHKeypad.h */; };
		AFF7C0FF1D65554C00DE9EA6 /* CreditView.swift in Sources */ = {isa = PBXBuildFile; fileRef = AFF7C0F51D65553800DE9EA6 /* CreditView.swift */; };
		AFF7C1001D65554C00DE9EA6 /* CreditView.xib in Sources */ = {isa = PBXBuildFile; fileRef = AFF7C0F61D65553800DE9EA6 /* CreditView.xib */; };
		AFF7C1011D65554C00DE9EA6 /* DialBar.swift in Sources */ = {isa = PBXBuildFile; fileRef = AFF7C0F71D65553800DE9EA6 /* DialBar.swift */; };
		AFF7C1021D65554C00DE9EA6 /* DialBar.xib in Sources */ = {isa = PBXBuildFile; fileRef = AFF7C0F81D65553800DE9EA6 /* DialBar.xib */; };
		AFF7C1031D65554C00DE9EA6 /* KeyPad.swift in Sources */ = {isa = PBXBuildFile; fileRef = AFF7C0F91D65553800DE9EA6 /* KeyPad.swift */; };
		AFF7C1041D65554C00DE9EA6 /* KeyPad.xib in Sources */ = {isa = PBXBuildFile; fileRef = AFF7C0FA1D65553800DE9EA6 /* KeyPad.xib */; };
		AFF7C1051D65554C00DE9EA6 /* NumKey.swift in Sources */ = {isa = PBXBuildFile; fileRef = AFF7C0FB1D65553800DE9EA6 /* NumKey.swift */; };
		AFF7C1061D65554C00DE9EA6 /* NumKey.xib in Sources */ = {isa = PBXBuildFile; fileRef = AFF7C0FC1D65553800DE9EA6 /* NumKey.xib */; };
		AFF7C1071D65554C00DE9EA6 /* CustomUIComponent.swift in Sources */ = {isa = PBXBuildFile; fileRef = AFF7C0FE1D65553800DE9EA6 /* CustomUIComponent.swift */; };
/* End PBXBuildFile section */

/* Begin PBXContainerItemProxy section */
		AFA8EC2A1D61D67C00ADCE55 /* PBXContainerItemProxy */ = {
			isa = PBXContainerItemProxy;
			containerPortal = AF6E230A1D61D08E008B5F1B /* Project object */;
			proxyType = 1;
			remoteGlobalIDString = AF6E23121D61D08F008B5F1B;
			remoteInfo = BHKeypad;
		};
/* End PBXContainerItemProxy section */

/* Begin PBXCopyFilesBuildPhase section */
		AFA8EC2C1D61D67C00ADCE55 /* Embed Frameworks */ = {
			isa = PBXCopyFilesBuildPhase;
			buildActionMask = 2147483647;
			dstPath = "";
			dstSubfolderSpec = 10;
			files = (
				AFA8EC291D61D67C00ADCE55 /* BHKeypad.framework in Embed Frameworks */,
			);
			name = "Embed Frameworks";
			runOnlyForDeploymentPostprocessing = 0;
		};
/* End PBXCopyFilesBuildPhase section */

/* Begin PBXFileReference section */
		AF0425001D66B2B200F2B3E4 /* DTMFHelper.swift */ = {isa = PBXFileReference; lastKnownFileType = sourcecode.swift; path = DTMFHelper.swift; sourceTree = "<group>"; };
		AF6E23131D61D08F008B5F1B /* BHKeypad.framework */ = {isa = PBXFileReference; explicitFileType = wrapper.framework; includeInIndex = 0; path = BHKeypad.framework; sourceTree = BUILT_PRODUCTS_DIR; };
		AF6E23161D61D08F008B5F1B /* BHKeypad.h */ = {isa = PBXFileReference; lastKnownFileType = sourcecode.c.h; path = BHKeypad.h; sourceTree = "<group>"; };
		AF6E23181D61D08F008B5F1B /* Info.plist */ = {isa = PBXFileReference; lastKnownFileType = text.plist.xml; path = Info.plist; sourceTree = "<group>"; };
		AF6E23261D61D212008B5F1B /* Assets.xcassets */ = {isa = PBXFileReference; lastKnownFileType = folder.assetcatalog; path = Assets.xcassets; sourceTree = "<group>"; };
		AFA8EC0E1D61D3EB00ADCE55 /* BHKeypadDemo.app */ = {isa = PBXFileReference; explicitFileType = wrapper.application; includeInIndex = 0; path = BHKeypadDemo.app; sourceTree = BUILT_PRODUCTS_DIR; };
		AFA8EC101D61D3EB00ADCE55 /* AppDelegate.swift */ = {isa = PBXFileReference; lastKnownFileType = sourcecode.swift; path = AppDelegate.swift; sourceTree = "<group>"; };
		AFA8EC121D61D3EB00ADCE55 /* ViewController.swift */ = {isa = PBXFileReference; lastKnownFileType = sourcecode.swift; path = ViewController.swift; sourceTree = "<group>"; };
		AFA8EC151D61D3EB00ADCE55 /* Base */ = {isa = PBXFileReference; lastKnownFileType = file.storyboard; name = Base; path = Base.lproj/Main.storyboard; sourceTree = "<group>"; };
		AFA8EC171D61D3EB00ADCE55 /* Assets.xcassets */ = {isa = PBXFileReference; lastKnownFileType = folder.assetcatalog; path = Assets.xcassets; sourceTree = "<group>"; };
		AFA8EC1A1D61D3EB00ADCE55 /* Base */ = {isa = PBXFileReference; lastKnownFileType = file.storyboard; name = Base; path = Base.lproj/LaunchScreen.storyboard; sourceTree = "<group>"; };
		AFA8EC1C1D61D3EB00ADCE55 /* Info.plist */ = {isa = PBXFileReference; lastKnownFileType = text.plist.xml; path = Info.plist; sourceTree = "<group>"; };
		AFF7C0F51D65553800DE9EA6 /* CreditView.swift */ = {isa = PBXFileReference; lastKnownFileType = sourcecode.swift; path = CreditView.swift; sourceTree = "<group>"; };
		AFF7C0F61D65553800DE9EA6 /* CreditView.xib */ = {isa = PBXFileReference; lastKnownFileType = file.xib; path = CreditView.xib; sourceTree = "<group>"; };
		AFF7C0F71D65553800DE9EA6 /* DialBar.swift */ = {isa = PBXFileReference; lastKnownFileType = sourcecode.swift; path = DialBar.swift; sourceTree = "<group>"; };
		AFF7C0F81D65553800DE9EA6 /* DialBar.xib */ = {isa = PBXFileReference; lastKnownFileType = file.xib; path = DialBar.xib; sourceTree = "<group>"; };
		AFF7C0F91D65553800DE9EA6 /* KeyPad.swift */ = {isa = PBXFileReference; lastKnownFileType = sourcecode.swift; path = KeyPad.swift; sourceTree = "<group>"; };
		AFF7C0FA1D65553800DE9EA6 /* KeyPad.xib */ = {isa = PBXFileReference; lastKnownFileType = file.xib; path = KeyPad.xib; sourceTree = "<group>"; };
		AFF7C0FB1D65553800DE9EA6 /* NumKey.swift */ = {isa = PBXFileReference; lastKnownFileType = sourcecode.swift; path = NumKey.swift; sourceTree = "<group>"; };
		AFF7C0FC1D65553800DE9EA6 /* NumKey.xib */ = {isa = PBXFileReference; lastKnownFileType = file.xib; path = NumKey.xib; sourceTree = "<group>"; };
		AFF7C0FE1D65553800DE9EA6 /* CustomUIComponent.swift */ = {isa = PBXFileReference; lastKnownFileType = sourcecode.swift; path = CustomUIComponent.swift; sourceTree = "<group>"; };
/* End PBXFileReference section */

/* Begin PBXFrameworksBuildPhase section */
		AF6E230F1D61D08F008B5F1B /* Frameworks */ = {
			isa = PBXFrameworksBuildPhase;
			buildActionMask = 2147483647;
			files = (
			);
			runOnlyForDeploymentPostprocessing = 0;
		};
		AFA8EC0B1D61D3EB00ADCE55 /* Frameworks */ = {
			isa = PBXFrameworksBuildPhase;
			buildActionMask = 2147483647;
			files = (
				AFA8EC281D61D67C00ADCE55 /* BHKeypad.framework in Frameworks */,
			);
			runOnlyForDeploymentPostprocessing = 0;
		};
/* End PBXFrameworksBuildPhase section */

/* Begin PBXGroup section */
		AF6E23091D61D08E008B5F1B = {
			isa = PBXGroup;
			children = (
				AFF7C0F41D65553800DE9EA6 /* KeyPad */,
				AFF7C0FD1D65553800DE9EA6 /* Utils */,
				AF6E23151D61D08F008B5F1B /* BHKeypad */,
				AFA8EC0F1D61D3EB00ADCE55 /* BHKeypadDemo */,
				AF6E23141D61D08F008B5F1B /* Products */,
			);
			sourceTree = "<group>";
		};
		AF6E23141D61D08F008B5F1B /* Products */ = {
			isa = PBXGroup;
			children = (
				AF6E23131D61D08F008B5F1B /* BHKeypad.framework */,
				AFA8EC0E1D61D3EB00ADCE55 /* BHKeypadDemo.app */,
			);
			name = Products;
			sourceTree = "<group>";
		};
		AF6E23151D61D08F008B5F1B /* BHKeypad */ = {
			isa = PBXGroup;
			children = (
				AF6E23161D61D08F008B5F1B /* BHKeypad.h */,
				AF6E23181D61D08F008B5F1B /* Info.plist */,
				AF6E23261D61D212008B5F1B /* Assets.xcassets */,
			);
			path = BHKeypad;
			sourceTree = "<group>";
		};
		AFA8EC0F1D61D3EB00ADCE55 /* BHKeypadDemo */ = {
			isa = PBXGroup;
			children = (
				AFA8EC101D61D3EB00ADCE55 /* AppDelegate.swift */,
				AFA8EC121D61D3EB00ADCE55 /* ViewController.swift */,
				AFA8EC141D61D3EB00ADCE55 /* Main.storyboard */,
				AFA8EC171D61D3EB00ADCE55 /* Assets.xcassets */,
				AFA8EC191D61D3EB00ADCE55 /* LaunchScreen.storyboard */,
				AFA8EC1C1D61D3EB00ADCE55 /* Info.plist */,
			);
			path = BHKeypadDemo;
			sourceTree = "<group>";
		};
		AFF7C0F41D65553800DE9EA6 /* KeyPad */ = {
			isa = PBXGroup;
			children = (
				AF0425001D66B2B200F2B3E4 /* DTMFHelper.swift */,
				AFF7C0F51D65553800DE9EA6 /* CreditView.swift */,
				AFF7C0F61D65553800DE9EA6 /* CreditView.xib */,
				AFF7C0F71D65553800DE9EA6 /* DialBar.swift */,
				AFF7C0F81D65553800DE9EA6 /* DialBar.xib */,
				AFF7C0F91D65553800DE9EA6 /* KeyPad.swift */,
				AFF7C0FA1D65553800DE9EA6 /* KeyPad.xib */,
				AFF7C0FB1D65553800DE9EA6 /* NumKey.swift */,
				AFF7C0FC1D65553800DE9EA6 /* NumKey.xib */,
			);
			name = KeyPad;
			path = BHKeypad/KeyPad;
			sourceTree = "<group>";
		};
		AFF7C0FD1D65553800DE9EA6 /* Utils */ = {
			isa = PBXGroup;
			children = (
				AFF7C0FE1D65553800DE9EA6 /* CustomUIComponent.swift */,
			);
			name = Utils;
			path = BHKeypad/Utils;
			sourceTree = "<group>";
		};
/* End PBXGroup section */

/* Begin PBXHeadersBuildPhase section */
		AF6E23101D61D08F008B5F1B /* Headers */ = {
			isa = PBXHeadersBuildPhase;
			buildActionMask = 2147483647;
			files = (
				AF6E23171D61D08F008B5F1B /* BHKeypad.h in Headers */,
			);
			runOnlyForDeploymentPostprocessing = 0;
		};
/* End PBXHeadersBuildPhase section */

/* Begin PBXNativeTarget section */
		AF6E23121D61D08F008B5F1B /* BHKeypad */ = {
			isa = PBXNativeTarget;
			buildConfigurationList = AF6E231B1D61D08F008B5F1B /* Build configuration list for PBXNativeTarget "BHKeypad" */;
			buildPhases = (
				AF6E230E1D61D08F008B5F1B /* Sources */,
				AF6E230F1D61D08F008B5F1B /* Frameworks */,
				AF6E23101D61D08F008B5F1B /* Headers */,
				AF6E23111D61D08F008B5F1B /* Resources */,
			);
			buildRules = (
			);
			dependencies = (
			);
			name = BHKeypad;
			productName = BHKeypad;
			productReference = AF6E23131D61D08F008B5F1B /* BHKeypad.framework */;
			productType = "com.apple.product-type.framework";
		};
		AFA8EC0D1D61D3EB00ADCE55 /* BHKeypadDemo */ = {
			isa = PBXNativeTarget;
			buildConfigurationList = AFA8EC1D1D61D3EB00ADCE55 /* Build configuration list for PBXNativeTarget "BHKeypadDemo" */;
			buildPhases = (
				AFA8EC0A1D61D3EB00ADCE55 /* Sources */,
				AFA8EC0B1D61D3EB00ADCE55 /* Frameworks */,
				AFA8EC0C1D61D3EB00ADCE55 /* Resources */,
				AFA8EC2C1D61D67C00ADCE55 /* Embed Frameworks */,
			);
			buildRules = (
			);
			dependencies = (
				AFA8EC2B1D61D67C00ADCE55 /* PBXTargetDependency */,
			);
			name = BHKeypadDemo;
			productName = BHKeypadDemo;
			productReference = AFA8EC0E1D61D3EB00ADCE55 /* BHKeypadDemo.app */;
			productType = "com.apple.product-type.application";
		};
/* End PBXNativeTarget section */

/* Begin PBXProject section */
		AF6E230A1D61D08E008B5F1B /* Project object */ = {
			isa = PBXProject;
			attributes = {
				LastSwiftUpdateCheck = 0730;
				LastUpgradeCheck = 0730;
				ORGANIZATIONNAME = mitsw;
				TargetAttributes = {
					AF6E23121D61D08F008B5F1B = {
						CreatedOnToolsVersion = 7.3.1;
					};
					AFA8EC0D1D61D3EB00ADCE55 = {
						CreatedOnToolsVersion = 7.3.1;
					};
				};
			};
			buildConfigurationList = AF6E230D1D61D08E008B5F1B /* Build configuration list for PBXProject "BHKeypad" */;
			compatibilityVersion = "Xcode 3.2";
			developmentRegion = English;
			hasScannedForEncodings = 0;
			knownRegions = (
				en,
				Base,
			);
			mainGroup = AF6E23091D61D08E008B5F1B;
			productRefGroup = AF6E23141D61D08F008B5F1B /* Products */;
			projectDirPath = "";
			projectRoot = "";
			targets = (
				AF6E23121D61D08F008B5F1B /* BHKeypad */,
				AFA8EC0D1D61D3EB00ADCE55 /* BHKeypadDemo */,
			);
		};
/* End PBXProject section */

/* Begin PBXResourcesBuildPhase section */
		AF6E23111D61D08F008B5F1B /* Resources */ = {
			isa = PBXResourcesBuildPhase;
			buildActionMask = 2147483647;
			files = (
				AF6E23271D61D212008B5F1B /* Assets.xcassets in Resources */,
			);
			runOnlyForDeploymentPostprocessing = 0;
		};
		AFA8EC0C1D61D3EB00ADCE55 /* Resources */ = {
			isa = PBXResourcesBuildPhase;
			buildActionMask = 2147483647;
			files = (
				AFA8EC1B1D61D3EB00ADCE55 /* LaunchScreen.storyboard in Resources */,
				AFA8EC181D61D3EB00ADCE55 /* Assets.xcassets in Resources */,
				AFA8EC161D61D3EB00ADCE55 /* Main.storyboard in Resources */,
			);
			runOnlyForDeploymentPostprocessing = 0;
		};
/* End PBXResourcesBuildPhase section */

/* Begin PBXSourcesBuildPhase section */
		AF6E230E1D61D08F008B5F1B /* Sources */ = {
			isa = PBXSourcesBuildPhase;
			buildActionMask = 2147483647;
			files = (
				AF0425011D66B2B200F2B3E4 /* DTMFHelper.swift in Sources */,
				AFF7C0FF1D65554C00DE9EA6 /* CreditView.swift in Sources */,
				AFF7C1001D65554C00DE9EA6 /* CreditView.xib in Sources */,
				AFF7C1011D65554C00DE9EA6 /* DialBar.swift in Sources */,
				AFF7C1021D65554C00DE9EA6 /* DialBar.xib in Sources */,
				AFF7C1031D65554C00DE9EA6 /* KeyPad.swift in Sources */,
				AFF7C1041D65554C00DE9EA6 /* KeyPad.xib in Sources */,
				AFF7C1051D65554C00DE9EA6 /* NumKey.swift in Sources */,
				AFF7C1061D65554C00DE9EA6 /* NumKey.xib in Sources */,
				AFF7C1071D65554C00DE9EA6 /* CustomUIComponent.swift in Sources */,
				AFA8EC2F1D62032200ADCE55 /* BHKeypad.h in Sources */,
			);
			runOnlyForDeploymentPostprocessing = 0;
		};
		AFA8EC0A1D61D3EB00ADCE55 /* Sources */ = {
			isa = PBXSourcesBuildPhase;
			buildActionMask = 2147483647;
			files = (
				AFA8EC131D61D3EB00ADCE55 /* ViewController.swift in Sources */,
				AFA8EC111D61D3EB00ADCE55 /* AppDelegate.swift in Sources */,
			);
			runOnlyForDeploymentPostprocessing = 0;
		};
/* End PBXSourcesBuildPhase section */

/* Begin PBXTargetDependency section */
		AFA8EC2B1D61D67C00ADCE55 /* PBXTargetDependency */ = {
			isa = PBXTargetDependency;
			target = AF6E23121D61D08F008B5F1B /* BHKeypad */;
			targetProxy = AFA8EC2A1D61D67C00ADCE55 /* PBXContainerItemProxy */;
		};
/* End PBXTargetDependency section */

/* Begin PBXVariantGroup section */
		AFA8EC141D61D3EB00ADCE55 /* Main.storyboard */ = {
			isa = PBXVariantGroup;
			children = (
				AFA8EC151D61D3EB00ADCE55 /* Base */,
			);
			name = Main.storyboard;
			sourceTree = "<group>";
		};
		AFA8EC191D61D3EB00ADCE55 /* LaunchScreen.storyboard */ = {
			isa = PBXVariantGroup;
			children = (
				AFA8EC1A1D61D3EB00ADCE55 /* Base */,
			);
			name = LaunchScreen.storyboard;
			sourceTree = "<group>";
		};
/* End PBXVariantGroup section */

/* Begin XCBuildConfiguration section */
		AF6E23191D61D08F008B5F1B /* Debug */ = {
			isa = XCBuildConfiguration;
			buildSettings = {
				ALWAYS_SEARCH_USER_PATHS = NO;
				CLANG_ANALYZER_NONNULL = YES;
				CLANG_CXX_LANGUAGE_STANDARD = "gnu++0x";
				CLANG_CXX_LIBRARY = "libc++";
				CLANG_ENABLE_MODULES = YES;
				CLANG_ENABLE_OBJC_ARC = YES;
				CLANG_WARN_BOOL_CONVERSION = YES;
				CLANG_WARN_CONSTANT_CONVERSION = YES;
				CLANG_WARN_DIRECT_OBJC_ISA_USAGE = YES_ERROR;
				CLANG_WARN_EMPTY_BODY = YES;
				CLANG_WARN_ENUM_CONVERSION = YES;
				CLANG_WARN_INT_CONVERSION = YES;
				CLANG_WARN_OBJC_ROOT_CLASS = YES_ERROR;
				CLANG_WARN_UNREACHABLE_CODE = YES;
				CLANG_WARN__DUPLICATE_METHOD_MATCH = YES;
				"CODE_SIGN_IDENTITY[sdk=iphoneos*]" = "iPhone Developer";
				COPY_PHASE_STRIP = NO;
				CURRENT_PROJECT_VERSION = 1;
				DEBUG_INFORMATION_FORMAT = dwarf;
				ENABLE_STRICT_OBJC_MSGSEND = YES;
				ENABLE_TESTABILITY = YES;
				GCC_C_LANGUAGE_STANDARD = gnu99;
				GCC_DYNAMIC_NO_PIC = NO;
				GCC_NO_COMMON_BLOCKS = YES;
				GCC_OPTIMIZATION_LEVEL = 0;
				GCC_PREPROCESSOR_DEFINITIONS = (
					"DEBUG=1",
					"$(inherited)",
				);
				GCC_WARN_64_TO_32_BIT_CONVERSION = YES;
				GCC_WARN_ABOUT_RETURN_TYPE = YES_ERROR;
				GCC_WARN_UNDECLARED_SELECTOR = YES;
				GCC_WARN_UNINITIALIZED_AUTOS = YES_AGGRESSIVE;
				GCC_WARN_UNUSED_FUNCTION = YES;
				GCC_WARN_UNUSED_VARIABLE = YES;
				IPHONEOS_DEPLOYMENT_TARGET = 9.3;
				MTL_ENABLE_DEBUG_INFO = YES;
				ONLY_ACTIVE_ARCH = YES;
				SDKROOT = iphoneos;
				SWIFT_OPTIMIZATION_LEVEL = "-Onone";
				TARGETED_DEVICE_FAMILY = "1,2";
				VERSIONING_SYSTEM = "apple-generic";
				VERSION_INFO_PREFIX = "";
			};
			name = Debug;
		};
		AF6E231A1D61D08F008B5F1B /* Release */ = {
			isa = XCBuildConfiguration;
			buildSettings = {
				ALWAYS_SEARCH_USER_PATHS = NO;
				CLANG_ANALYZER_NONNULL = YES;
				CLANG_CXX_LANGUAGE_STANDARD = "gnu++0x";
				CLANG_CXX_LIBRARY = "libc++";
				CLANG_ENABLE_MODULES = YES;
				CLANG_ENABLE_OBJC_ARC = YES;
				CLANG_WARN_BOOL_CONVERSION = YES;
				CLANG_WARN_CONSTANT_CONVERSION = YES;
				CLANG_WARN_DIRECT_OBJC_ISA_USAGE = YES_ERROR;
				CLANG_WARN_EMPTY_BODY = YES;
				CLANG_WARN_ENUM_CONVERSION = YES;
				CLANG_WARN_INT_CONVERSION = YES;
				CLANG_WARN_OBJC_ROOT_CLASS = YES_ERROR;
				CLANG_WARN_UNREACHABLE_CODE = YES;
				CLANG_WARN__DUPLICATE_METHOD_MATCH = YES;
				"CODE_SIGN_IDENTITY[sdk=iphoneos*]" = "iPhone Developer";
				COPY_PHASE_STRIP = NO;
				CURRENT_PROJECT_VERSION = 1;
				DEBUG_INFORMATION_FORMAT = "dwarf-with-dsym";
				ENABLE_NS_ASSERTIONS = NO;
				ENABLE_STRICT_OBJC_MSGSEND = YES;
				GCC_C_LANGUAGE_STANDARD = gnu99;
				GCC_NO_COMMON_BLOCKS = YES;
				GCC_WARN_64_TO_32_BIT_CONVERSION = YES;
				GCC_WARN_ABOUT_RETURN_TYPE = YES_ERROR;
				GCC_WARN_UNDECLARED_SELECTOR = YES;
				GCC_WARN_UNINITIALIZED_AUTOS = YES_AGGRESSIVE;
				GCC_WARN_UNUSED_FUNCTION = YES;
				GCC_WARN_UNUSED_VARIABLE = YES;
				IPHONEOS_DEPLOYMENT_TARGET = 9.3;
				MTL_ENABLE_DEBUG_INFO = NO;
				SDKROOT = iphoneos;
				TARGETED_DEVICE_FAMILY = "1,2";
				VALIDATE_PRODUCT = YES;
				VERSIONING_SYSTEM = "apple-generic";
				VERSION_INFO_PREFIX = "";
			};
			name = Release;
		};
		AF6E231C1D61D08F008B5F1B /* Debug */ = {
			isa = XCBuildConfiguration;
			buildSettings = {
				DEFINES_MODULE = YES;
				DYLIB_COMPATIBILITY_VERSION = 1;
				DYLIB_CURRENT_VERSION = 1;
				DYLIB_INSTALL_NAME_BASE = "@rpath";
				INFOPLIST_FILE = BHKeypad/Info.plist;
				INSTALL_PATH = "$(LOCAL_LIBRARY_DIR)/Frameworks";
				IPHONEOS_DEPLOYMENT_TARGET = 9.0;
				LD_RUNPATH_SEARCH_PATHS = "$(inherited) @executable_path/Frameworks @loader_path/Frameworks";
				PRODUCT_BUNDLE_IDENTIFIER = com.mitsw.BHKeypad;
				PRODUCT_NAME = "$(TARGET_NAME)";
				SKIP_INSTALL = YES;
			};
			name = Debug;
		};
		AF6E231D1D61D08F008B5F1B /* Release */ = {
			isa = XCBuildConfiguration;
			buildSettings = {
				DEFINES_MODULE = YES;
				DYLIB_COMPATIBILITY_VERSION = 1;
				DYLIB_CURRENT_VERSION = 1;
				DYLIB_INSTALL_NAME_BASE = "@rpath";
				INFOPLIST_FILE = BHKeypad/Info.plist;
				INSTALL_PATH = "$(LOCAL_LIBRARY_DIR)/Frameworks";
				IPHONEOS_DEPLOYMENT_TARGET = 9.0;
				LD_RUNPATH_SEARCH_PATHS = "$(inherited) @executable_path/Frameworks @loader_path/Frameworks";
				PRODUCT_BUNDLE_IDENTIFIER = com.mitsw.BHKeypad;
				PRODUCT_NAME = "$(TARGET_NAME)";
				SKIP_INSTALL = YES;
			};
			name = Release;
		};
		AFA8EC1E1D61D3EB00ADCE55 /* Debug */ = {
			isa = XCBuildConfiguration;
			buildSettings = {
				ASSETCATALOG_COMPILER_APPICON_NAME = AppIcon;
				EMBEDDED_CONTENT_CONTAINS_SWIFT = YES;
				INFOPLIST_FILE = BHKeypadDemo/Info.plist;
				LD_RUNPATH_SEARCH_PATHS = "$(inherited) @executable_path/Frameworks";
				PRODUCT_BUNDLE_IDENTIFIER = com.mitsw.BHKeypadDemo;
				PRODUCT_NAME = "$(TARGET_NAME)";
			};
			name = Debug;
		};
		AFA8EC1F1D61D3EB00ADCE55 /* Release */ = {
			isa = XCBuildConfiguration;
			buildSettings = {
				ASSETCATALOG_COMPILER_APPICON_NAME = AppIcon;
				EMBEDDED_CONTENT_CONTAINS_SWIFT = YES;
				INFOPLIST_FILE = BHKeypadDemo/Info.plist;
				LD_RUNPATH_SEARCH_PATHS = "$(inherited) @executable_path/Frameworks";
				PRODUCT_BUNDLE_IDENTIFIER = com.mitsw.BHKeypadDemo;
				PRODUCT_NAME = "$(TARGET_NAME)";
			};
			name = Release;
		};
/* End XCBuildConfiguration section */

/* Begin XCConfigurationList section */
		AF6E230D1D61D08E008B5F1B /* Build configuration list for PBXProject "BHKeypad" */ = {
			isa = XCConfigurationList;
			buildConfigurations = (
				AF6E23191D61D08F008B5F1B /* Debug */,
				AF6E231A1D61D08F008B5F1B /* Release */,
			);
			defaultConfigurationIsVisible = 0;
			defaultConfigurationName = Release;
		};
		AF6E231B1D61D08F008B5F1B /* Build configuration list for PBXNativeTarget "BHKeypad" */ = {
			isa = XCConfigurationList;
			buildConfigurations = (
				AF6E231C1D61D08F008B5F1B /* Debug */,
				AF6E231D1D61D08F008B5F1B /* Release */,
			);
			defaultConfigurationIsVisible = 0;
			defaultConfigurationName = Release;
		};
		AFA8EC1D1D61D3EB00ADCE55 /* Build configuration list for PBXNativeTarget "BHKeypadDemo" */ = {
			isa = XCConfigurationList;
			buildConfigurations = (
				AFA8EC1E1D61D3EB00ADCE55 /* Debug */,
				AFA8EC1F1D61D3EB00ADCE55 /* Release */,
			);
			defaultConfigurationIsVisible = 0;
			defaultConfigurationName = Release;
		};
/* End XCConfigurationList section */
	};
	rootObject = AF6E230A1D61D08E008B5F1B /* Project object */;
}
